{
  "name": "openapi2js",
  "version": "1.0.10",
  "lockfileVersion": 1,
  "requires": true,
  "dependencies": {
    "js-yaml": {
      "version": "3.9.0",
      "resolved": "https://registry.npmjs.org/js-yaml/-/js-yaml-3.9.0.tgz",
      "integrity": "sha512-0LoUNELX4S+iofCT8f4uEHIiRBR+c2AINyC8qRWfC6QNruLtxVZRJaPcu/xwMgFIgDxF25tGHaDjvxzJCNE9yw==",
      "requires": {
        "argparse": "1.0.9",
        "esprima": "4.0.0"
      },
      "dependencies": {
        "argparse": {
          "version": "1.0.9",
          "bundled": true,
          "requires": {
            "sprintf-js": "1.0.3"
          }
        },
        "esprima": {
          "version": "4.0.0",
          "bundled": true
        },
        "sprintf-js": {
          "version": "1.0.3",
          "bundled": true
        }
      }
    }
  }
}
